# This file was autogenerated by Stack.
# You should not edit this file by hand.
# For more information, please see the documentation at:
#   https://docs.haskellstack.org/en/stable/lock_files

packages:
- completed:
    hackage: countable-inflections-0.3.0@sha256:1ae91292663c99b655db47e534964f0041e16d3f4ff530e01a752b09bcad9fbe,1553
    pantry-tree:
      size: 509
      sha256: 346b68558ea041d9d5e1820af6317c58e2c5b4f5a368b1505d45f719fd6ae9e9
  original:
    hackage: countable-inflections-0.3.0
snapshots:
- completed:
    size: 563100
    url: https://raw.githubusercontent.com/commercialhaskell/stackage-snapshots/master/lts/17/0.yaml
    sha256: e93a85871577ea3423d5f3454b2b6bd37c2c2123c79faf511dfb64f5b49a9f8b
  original: lts-17.0
